
Microsoft Visual Studio Solution File, Format Version 12.00
# Visual Studio Version 16
VisualStudioVersion = 16.0.31911.196
MinimumVisualStudioVersion = 10.0.40219.1
Project("{6EC3EE1D-3C4E-46DD-8F32-0CC8E7565705}") = "aoc-2021-01", "aoc-2021-01\aoc-2021-01.fsproj", "{B005564F-FB64-4BB3-B2D6-4416FA02AAB0}"
EndProject
Project("{6EC3EE1D-3C4E-46DD-8F32-0CC8E7565705}") = "aoc-2021-02", "aoc-2021-02\aoc-2021-02.fsproj", "{2F2D8921-F78D-4E27-BCE0-C8ECEF8F2D43}"
EndProject
Project("{6EC3EE1D-3C4E-46DD-8F32-0CC8E7565705}") = "aoc-2021-03", "aoc-2021-03\aoc-2021-03.fsproj", "{1D4ACED3-1C15-438B-AE99-F3B1432501E1}"
EndProject
Project("{6EC3EE1D-3C4E-46DD-8F32-0CC8E7565705}") = "aoc-2021-04", "aoc-2021-04\aoc-2021-04.fsproj", "{7C603AB6-35D8-4DA8-87FE-EA000B3C4340}"
EndProject
Project("{6EC3EE1D-3C4E-46DD-8F32-0CC8E7565705}") = "aoc-2021-05", "aoc-2021-05\aoc-2021-05.fsproj", "{8BC8D695-4A7C-4730-A222-905FA688F34C}"
EndProject
Project("{6EC3EE1D-3C4E-46DD-8F32-0CC8E7565705}") = "aoc-2021-06", "aoc-2021-06\aoc-2021-06.fsproj", "{EE9A2E2D-7787-4B66-9CCA-53D63C9C8C49}"
EndProject
Project("{6EC3EE1D-3C4E-46DD-8F32-0CC8E7565705}") = "aoc-2021-07", "aoc-2021-07\aoc-2021-07.fsproj", "{532D940D-4589-4190-A865-9671DFEDA72C}"
EndProject
Project("{6EC3EE1D-3C4E-46DD-8F32-0CC8E7565705}") = "aoc-2021-08", "aoc-2021-08\aoc-2021-08.fsproj", "{0A6022E9-CB6E-4314-8038-F36FEFD80DE2}"
EndProject
Project("{6EC3EE1D-3C4E-46DD-8F32-0CC8E7565705}") = "aoc-2021-09", "aoc-2021-09\aoc-2021-09.fsproj", "{56471123-222D-4B31-82AB-BCBA09297060}"
EndProject
Project("{6EC3EE1D-3C4E-46DD-8F32-0CC8E7565705}") = "aoc-2021-10", "aoc-2021-10\aoc-2021-10.fsproj", "{D3F6234E-20F9-412F-9849-E5B737F87509}"
EndProject
Project("{6EC3EE1D-3C4E-46DD-8F32-0CC8E7565705}") = "aoc-2021-11", "aoc-2021-11\aoc-2021-11.fsproj", "{32AA6C27-FF0C-4ECA-942B-07E3B7F4EA13}"
EndProject
Project("{6EC3EE1D-3C4E-46DD-8F32-0CC8E7565705}") = "aoc-2021-12", "aoc-2021-12\aoc-2021-12.fsproj", "{C3C30B8A-5514-4532-A903-01D5DEE0BB49}"
EndProject
Project("{6EC3EE1D-3C4E-46DD-8F32-0CC8E7565705}") = "aoc-2021-13", "aoc-2021-13\aoc-2021-13.fsproj", "{017C8044-5F6C-480E-9101-30A608CB365F}"
EndProject
Project("{6EC3EE1D-3C4E-46DD-8F32-0CC8E7565705}") = "aoc-2021-14", "aoc-2021-14\aoc-2021-14.fsproj", "{75FF2912-6C1A-4E74-BC18-8E2BE489F483}"
EndProject
Project("{6EC3EE1D-3C4E-46DD-8F32-0CC8E7565705}") = "aoc-2021-15", "aoc-2021-15\aoc-2021-15.fsproj", "{A2A08A49-75AD-4688-A855-2783C315DFE3}"
EndProject
Project("{6EC3EE1D-3C4E-46DD-8F32-0CC8E7565705}") = "aoc-2021-16", "aoc-2021-16\aoc-2021-16.fsproj", "{E28D7880-FC87-43DE-B3F8-29D428B89B29}"
EndProject
Project("{2150E333-8FDC-42A3-9474-1A3956D46DE8}") = "Solution Items", "Solution Items", "{AABE975F-53A1-4AFB-AACB-790FFE7CFB2D}"
EndProject
Project("{6EC3EE1D-3C4E-46DD-8F32-0CC8E7565705}") = "aoc-2021-17", "aoc-2021-17\aoc-2021-17.fsproj", "{5556ABF8-A82F-44D2-A5B9-00EE4D4BB4C6}"
EndProject
Project("{6EC3EE1D-3C4E-46DD-8F32-0CC8E7565705}") = "aoc-2021-18", "aoc-2021-18\aoc-2021-18.fsproj", "{E1A16F9E-1C9A-41A5-8150-51F65E32C9EC}"
EndProject
Project("{6EC3EE1D-3C4E-46DD-8F32-0CC8E7565705}") = "aoc-2021-19", "aoc-2021-19\aoc-2021-19.fsproj", "{8D0BF727-C4D0-4660-8904-F294AB5EA59F}"
EndProject
Project("{6EC3EE1D-3C4E-46DD-8F32-0CC8E7565705}") = "aoc-2021-20", "aoc-2021-20\aoc-2021-20.fsproj", "{7BBFEA8B-C2C3-4FC0-B434-190FFDE1F11A}"
EndProject
Project("{6EC3EE1D-3C4E-46DD-8F32-0CC8E7565705}") = "aoc-2021-21", "aoc-2021-21\aoc-2021-21.fsproj", "{B44379FE-B53D-4350-A04E-E241A8CEBC59}"
EndProject
Project("{6EC3EE1D-3C4E-46DD-8F32-0CC8E7565705}") = "aoc-2021-22", "aoc-2021-22\aoc-2021-22.fsproj", "{2A7F6245-77F2-4341-B194-AFBDAF9AB3C0}"
EndProject
Global
	GlobalSection(SolutionConfigurationPlatforms) = preSolution
		Debug|Any CPU = Debug|Any CPU
		Release|Any CPU = Release|Any CPU
	EndGlobalSection
	GlobalSection(ProjectConfigurationPlatforms) = postSolution
		{B005564F-FB64-4BB3-B2D6-4416FA02AAB0}.Debug|Any CPU.ActiveCfg = Debug|Any CPU
		{B005564F-FB64-4BB3-B2D6-4416FA02AAB0}.Debug|Any CPU.Build.0 = Debug|Any CPU
		{B005564F-FB64-4BB3-B2D6-4416FA02AAB0}.Release|Any CPU.ActiveCfg = Release|Any CPU
		{B005564F-FB64-4BB3-B2D6-4416FA02AAB0}.Release|Any CPU.Build.0 = Release|Any CPU
		{2F2D8921-F78D-4E27-BCE0-C8ECEF8F2D43}.Debug|Any CPU.ActiveCfg = Debug|Any CPU
		{2F2D8921-F78D-4E27-BCE0-C8ECEF8F2D43}.Debug|Any CPU.Build.0 = Debug|Any CPU
		{2F2D8921-F78D-4E27-BCE0-C8ECEF8F2D43}.Release|Any CPU.ActiveCfg = Release|Any CPU
		{2F2D8921-F78D-4E27-BCE0-C8ECEF8F2D43}.Release|Any CPU.Build.0 = Release|Any CPU
		{1D4ACED3-1C15-438B-AE99-F3B1432501E1}.Debug|Any CPU.ActiveCfg = Debug|Any CPU
		{1D4ACED3-1C15-438B-AE99-F3B1432501E1}.Debug|Any CPU.Build.0 = Debug|Any CPU
		{1D4ACED3-1C15-438B-AE99-F3B1432501E1}.Release|Any CPU.ActiveCfg = Release|Any CPU
		{1D4ACED3-1C15-438B-AE99-F3B1432501E1}.Release|Any CPU.Build.0 = Release|Any CPU
		{7C603AB6-35D8-4DA8-87FE-EA000B3C4340}.Debug|Any CPU.ActiveCfg = Debug|Any CPU
		{7C603AB6-35D8-4DA8-87FE-EA000B3C4340}.Debug|Any CPU.Build.0 = Debug|Any CPU
		{7C603AB6-35D8-4DA8-87FE-EA000B3C4340}.Release|Any CPU.ActiveCfg = Release|Any CPU
		{7C603AB6-35D8-4DA8-87FE-EA000B3C4340}.Release|Any CPU.Build.0 = Release|Any CPU
		{8BC8D695-4A7C-4730-A222-905FA688F34C}.Debug|Any CPU.ActiveCfg = Debug|Any CPU
		{8BC8D695-4A7C-4730-A222-905FA688F34C}.Debug|Any CPU.Build.0 = Debug|Any CPU
		{8BC8D695-4A7C-4730-A222-905FA688F34C}.Release|Any CPU.ActiveCfg = Release|Any CPU
		{8BC8D695-4A7C-4730-A222-905FA688F34C}.Release|Any CPU.Build.0 = Release|Any CPU
		{EE9A2E2D-7787-4B66-9CCA-53D63C9C8C49}.Debug|Any CPU.ActiveCfg = Debug|Any CPU
		{EE9A2E2D-7787-4B66-9CCA-53D63C9C8C49}.Debug|Any CPU.Build.0 = Debug|Any CPU
		{EE9A2E2D-7787-4B66-9CCA-53D63C9C8C49}.Release|Any CPU.ActiveCfg = Release|Any CPU
		{EE9A2E2D-7787-4B66-9CCA-53D63C9C8C49}.Release|Any CPU.Build.0 = Release|Any CPU
		{532D940D-4589-4190-A865-9671DFEDA72C}.Debug|Any CPU.ActiveCfg = Debug|Any CPU
		{532D940D-4589-4190-A865-9671DFEDA72C}.Debug|Any CPU.Build.0 = Debug|Any CPU
		{532D940D-4589-4190-A865-9671DFEDA72C}.Release|Any CPU.ActiveCfg = Release|Any CPU
		{532D940D-4589-4190-A865-9671DFEDA72C}.Release|Any CPU.Build.0 = Release|Any CPU
		{0A6022E9-CB6E-4314-8038-F36FEFD80DE2}.Debug|Any CPU.ActiveCfg = Debug|Any CPU
		{0A6022E9-CB6E-4314-8038-F36FEFD80DE2}.Debug|Any CPU.Build.0 = Debug|Any CPU
		{0A6022E9-CB6E-4314-8038-F36FEFD80DE2}.Release|Any CPU.ActiveCfg = Release|Any CPU
		{0A6022E9-CB6E-4314-8038-F36FEFD80DE2}.Release|Any CPU.Build.0 = Release|Any CPU
		{56471123-222D-4B31-82AB-BCBA09297060}.Debug|Any CPU.ActiveCfg = Debug|Any CPU
		{56471123-222D-4B31-82AB-BCBA09297060}.Debug|Any CPU.Build.0 = Debug|Any CPU
		{56471123-222D-4B31-82AB-BCBA09297060}.Release|Any CPU.ActiveCfg = Release|Any CPU
		{56471123-222D-4B31-82AB-BCBA09297060}.Release|Any CPU.Build.0 = Release|Any CPU
		{D3F6234E-20F9-412F-9849-E5B737F87509}.Debug|Any CPU.ActiveCfg = Debug|Any CPU
		{D3F6234E-20F9-412F-9849-E5B737F87509}.Debug|Any CPU.Build.0 = Debug|Any CPU
		{D3F6234E-20F9-412F-9849-E5B737F87509}.Release|Any CPU.ActiveCfg = Release|Any CPU
		{D3F6234E-20F9-412F-9849-E5B737F87509}.Release|Any CPU.Build.0 = Release|Any CPU
		{32AA6C27-FF0C-4ECA-942B-07E3B7F4EA13}.Debug|Any CPU.ActiveCfg = Debug|Any CPU
		{32AA6C27-FF0C-4ECA-942B-07E3B7F4EA13}.Debug|Any CPU.Build.0 = Debug|Any CPU
		{32AA6C27-FF0C-4ECA-942B-07E3B7F4EA13}.Release|Any CPU.ActiveCfg = Release|Any CPU
		{32AA6C27-FF0C-4ECA-942B-07E3B7F4EA13}.Release|Any CPU.Build.0 = Release|Any CPU
		{C3C30B8A-5514-4532-A903-01D5DEE0BB49}.Debug|Any CPU.ActiveCfg = Debug|Any CPU
		{C3C30B8A-5514-4532-A903-01D5DEE0BB49}.Debug|Any CPU.Build.0 = Debug|Any CPU
		{C3C30B8A-5514-4532-A903-01D5DEE0BB49}.Release|Any CPU.ActiveCfg = Release|Any CPU
		{C3C30B8A-5514-4532-A903-01D5DEE0BB49}.Release|Any CPU.Build.0 = Release|Any CPU
		{017C8044-5F6C-480E-9101-30A608CB365F}.Debug|Any CPU.ActiveCfg = Debug|Any CPU
		{017C8044-5F6C-480E-9101-30A608CB365F}.Debug|Any CPU.Build.0 = Debug|Any CPU
		{017C8044-5F6C-480E-9101-30A608CB365F}.Release|Any CPU.ActiveCfg = Release|Any CPU
		{017C8044-5F6C-480E-9101-30A608CB365F}.Release|Any CPU.Build.0 = Release|Any CPU
		{75FF2912-6C1A-4E74-BC18-8E2BE489F483}.Debug|Any CPU.ActiveCfg = Debug|Any CPU
		{75FF2912-6C1A-4E74-BC18-8E2BE489F483}.Debug|Any CPU.Build.0 = Debug|Any CPU
		{75FF2912-6C1A-4E74-BC18-8E2BE489F483}.Release|Any CPU.ActiveCfg = Release|Any CPU
		{75FF2912-6C1A-4E74-BC18-8E2BE489F483}.Release|Any CPU.Build.0 = Release|Any CPU
		{A2A08A49-75AD-4688-A855-2783C315DFE3}.Debug|Any CPU.ActiveCfg = Debug|Any CPU
		{A2A08A49-75AD-4688-A855-2783C315DFE3}.Debug|Any CPU.Build.0 = Debug|Any CPU
		{A2A08A49-75AD-4688-A855-2783C315DFE3}.Release|Any CPU.ActiveCfg = Release|Any CPU
		{A2A08A49-75AD-4688-A855-2783C315DFE3}.Release|Any CPU.Build.0 = Release|Any CPU
		{E28D7880-FC87-43DE-B3F8-29D428B89B29}.Debug|Any CPU.ActiveCfg = Debug|Any CPU
		{E28D7880-FC87-43DE-B3F8-29D428B89B29}.Debug|Any CPU.Build.0 = Debug|Any CPU
		{E28D7880-FC87-43DE-B3F8-29D428B89B29}.Release|Any CPU.ActiveCfg = Release|Any CPU
		{E28D7880-FC87-43DE-B3F8-29D428B89B29}.Release|Any CPU.Build.0 = Release|Any CPU
		{5556ABF8-A82F-44D2-A5B9-00EE4D4BB4C6}.Debug|Any CPU.ActiveCfg = Debug|Any CPU
		{5556ABF8-A82F-44D2-A5B9-00EE4D4BB4C6}.Debug|Any CPU.Build.0 = Debug|Any CPU
		{5556ABF8-A82F-44D2-A5B9-00EE4D4BB4C6}.Release|Any CPU.ActiveCfg = Release|Any CPU
		{5556ABF8-A82F-44D2-A5B9-00EE4D4BB4C6}.Release|Any CPU.Build.0 = Release|Any CPU
		{E1A16F9E-1C9A-41A5-8150-51F65E32C9EC}.Debug|Any CPU.ActiveCfg = Debug|Any CPU
		{E1A16F9E-1C9A-41A5-8150-51F65E32C9EC}.Debug|Any CPU.Build.0 = Debug|Any CPU
		{E1A16F9E-1C9A-41A5-8150-51F65E32C9EC}.Release|Any CPU.ActiveCfg = Release|Any CPU
		{E1A16F9E-1C9A-41A5-8150-51F65E32C9EC}.Release|Any CPU.Build.0 = Release|Any CPU
		{8D0BF727-C4D0-4660-8904-F294AB5EA59F}.Debug|Any CPU.ActiveCfg = Debug|Any CPU
		{8D0BF727-C4D0-4660-8904-F294AB5EA59F}.Debug|Any CPU.Build.0 = Debug|Any CPU
		{8D0BF727-C4D0-4660-8904-F294AB5EA59F}.Release|Any CPU.ActiveCfg = Release|Any CPU
		{8D0BF727-C4D0-4660-8904-F294AB5EA59F}.Release|Any CPU.Build.0 = Release|Any CPU
		{7BBFEA8B-C2C3-4FC0-B434-190FFDE1F11A}.Debug|Any CPU.ActiveCfg = Debug|Any CPU
		{7BBFEA8B-C2C3-4FC0-B434-190FFDE1F11A}.Debug|Any CPU.Build.0 = Debug|Any CPU
		{7BBFEA8B-C2C3-4FC0-B434-190FFDE1F11A}.Release|Any CPU.ActiveCfg = Release|Any CPU
		{7BBFEA8B-C2C3-4FC0-B434-190FFDE1F11A}.Release|Any CPU.Build.0 = Release|Any CPU
		{B44379FE-B53D-4350-A04E-E241A8CEBC59}.Debug|Any CPU.ActiveCfg = Debug|Any CPU
		{B44379FE-B53D-4350-A04E-E241A8CEBC59}.Debug|Any CPU.Build.0 = Debug|Any CPU
		{B44379FE-B53D-4350-A04E-E241A8CEBC59}.Release|Any CPU.ActiveCfg = Release|Any CPU
		{B44379FE-B53D-4350-A04E-E241A8CEBC59}.Release|Any CPU.Build.0 = Release|Any CPU
		{2A7F6245-77F2-4341-B194-AFBDAF9AB3C0}.Debug|Any CPU.ActiveCfg = Debug|Any CPU
		{2A7F6245-77F2-4341-B194-AFBDAF9AB3C0}.Debug|Any CPU.Build.0 = Debug|Any CPU
		{2A7F6245-77F2-4341-B194-AFBDAF9AB3C0}.Release|Any CPU.ActiveCfg = Release|Any CPU
		{2A7F6245-77F2-4341-B194-AFBDAF9AB3C0}.Release|Any CPU.Build.0 = Release|Any CPU
	EndGlobalSection
	GlobalSection(SolutionProperties) = preSolution
		HideSolutionNode = FALSE
	EndGlobalSection
	GlobalSection(ExtensibilityGlobals) = postSolution
		SolutionGuid = {EED3C78D-D9D8-401A-B476-BE8A944A8FB5}
	EndGlobalSection
EndGlobal
