
Microsoft Visual Studio Solution File, Format Version 12.00
# Visual Studio Version 16
VisualStudioVersion = 16.0.31911.196
MinimumVisualStudioVersion = 10.0.40219.1
Project("{6EC3EE1D-3C4E-46DD-8F32-0CC8E7565705}") = "aoc-2021-01", "aoc-2021-01\aoc-2021-01.fsproj", "{B005564F-FB64-4BB3-B2D6-4416FA02AAB0}"
EndProject
Project("{6EC3EE1D-3C4E-46DD-8F32-0CC8E7565705}") = "aoc-2021-02", "aoc-2021-02\aoc-2021-02.fsproj", "{2F2D8921-F78D-4E27-BCE0-C8ECEF8F2D43}"
EndProject
Project("{6EC3EE1D-3C4E-46DD-8F32-0CC8E7565705}") = "aoc-2021-03", "aoc-2021-03\aoc-2021-03.fsproj", "{1D4ACED3-1C15-438B-AE99-F3B1432501E1}"
EndProject
Project("{6EC3EE1D-3C4E-46DD-8F32-0CC8E7565705}") = "aoc-2021-04", "aoc-2021-04\aoc-2021-04.fsproj", "{7C603AB6-35D8-4DA8-87FE-EA000B3C4340}"
EndProject
Project("{6EC3EE1D-3C4E-46DD-8F32-0CC8E7565705}") = "aoc-2021-05", "aoc-2021-05\aoc-2021-05.fsproj", "{8BC8D695-4A7C-4730-A222-905FA688F34C}"
EndProject
Project("{6EC3EE1D-3C4E-46DD-8F32-0CC8E7565705}") = "aoc-2021-06", "aoc-2021-06\aoc-2021-06.fsproj", "{EE9A2E2D-7787-4B66-9CCA-53D63C9C8C49}"
EndProject
Project("{6EC3EE1D-3C4E-46DD-8F32-0CC8E7565705}") = "aoc-2021-07", "aoc-2021-07\aoc-2021-07.fsproj", "{532D940D-4589-4190-A865-9671DFEDA72C}"
EndProject
Project("{6EC3EE1D-3C4E-46DD-8F32-0CC8E7565705}") = "aoc-2021-08", "aoc-2021-08\aoc-2021-08.fsproj", "{0A6022E9-CB6E-4314-8038-F36FEFD80DE2}"
EndProject
Global
	GlobalSection(SolutionConfigurationPlatforms) = preSolution
		Debug|Any CPU = Debug|Any CPU
		Release|Any CPU = Release|Any CPU
	EndGlobalSection
	GlobalSection(ProjectConfigurationPlatforms) = postSolution
		{B005564F-FB64-4BB3-B2D6-4416FA02AAB0}.Debug|Any CPU.ActiveCfg = Debug|Any CPU
		{B005564F-FB64-4BB3-B2D6-4416FA02AAB0}.Debug|Any CPU.Build.0 = Debug|Any CPU
		{B005564F-FB64-4BB3-B2D6-4416FA02AAB0}.Release|Any CPU.ActiveCfg = Release|Any CPU
		{B005564F-FB64-4BB3-B2D6-4416FA02AAB0}.Release|Any CPU.Build.0 = Release|Any CPU
		{2F2D8921-F78D-4E27-BCE0-C8ECEF8F2D43}.Debug|Any CPU.ActiveCfg = Debug|Any CPU
		{2F2D8921-F78D-4E27-BCE0-C8ECEF8F2D43}.Debug|Any CPU.Build.0 = Debug|Any CPU
		{2F2D8921-F78D-4E27-BCE0-C8ECEF8F2D43}.Release|Any CPU.ActiveCfg = Release|Any CPU
		{2F2D8921-F78D-4E27-BCE0-C8ECEF8F2D43}.Release|Any CPU.Build.0 = Release|Any CPU
		{1D4ACED3-1C15-438B-AE99-F3B1432501E1}.Debug|Any CPU.ActiveCfg = Debug|Any CPU
		{1D4ACED3-1C15-438B-AE99-F3B1432501E1}.Debug|Any CPU.Build.0 = Debug|Any CPU
		{1D4ACED3-1C15-438B-AE99-F3B1432501E1}.Release|Any CPU.ActiveCfg = Release|Any CPU
		{1D4ACED3-1C15-438B-AE99-F3B1432501E1}.Release|Any CPU.Build.0 = Release|Any CPU
		{7C603AB6-35D8-4DA8-87FE-EA000B3C4340}.Debug|Any CPU.ActiveCfg = Debug|Any CPU
		{7C603AB6-35D8-4DA8-87FE-EA000B3C4340}.Debug|Any CPU.Build.0 = Debug|Any CPU
		{7C603AB6-35D8-4DA8-87FE-EA000B3C4340}.Release|Any CPU.ActiveCfg = Release|Any CPU
		{7C603AB6-35D8-4DA8-87FE-EA000B3C4340}.Release|Any CPU.Build.0 = Release|Any CPU
		{8BC8D695-4A7C-4730-A222-905FA688F34C}.Debug|Any CPU.ActiveCfg = Debug|Any CPU
		{8BC8D695-4A7C-4730-A222-905FA688F34C}.Debug|Any CPU.Build.0 = Debug|Any CPU
		{8BC8D695-4A7C-4730-A222-905FA688F34C}.Release|Any CPU.ActiveCfg = Release|Any CPU
		{8BC8D695-4A7C-4730-A222-905FA688F34C}.Release|Any CPU.Build.0 = Release|Any CPU
		{EE9A2E2D-7787-4B66-9CCA-53D63C9C8C49}.Debug|Any CPU.ActiveCfg = Debug|Any CPU
		{EE9A2E2D-7787-4B66-9CCA-53D63C9C8C49}.Debug|Any CPU.Build.0 = Debug|Any CPU
		{EE9A2E2D-7787-4B66-9CCA-53D63C9C8C49}.Release|Any CPU.ActiveCfg = Release|Any CPU
		{EE9A2E2D-7787-4B66-9CCA-53D63C9C8C49}.Release|Any CPU.Build.0 = Release|Any CPU
		{532D940D-4589-4190-A865-9671DFEDA72C}.Debug|Any CPU.ActiveCfg = Debug|Any CPU
		{532D940D-4589-4190-A865-9671DFEDA72C}.Debug|Any CPU.Build.0 = Debug|Any CPU
		{532D940D-4589-4190-A865-9671DFEDA72C}.Release|Any CPU.ActiveCfg = Release|Any CPU
		{532D940D-4589-4190-A865-9671DFEDA72C}.Release|Any CPU.Build.0 = Release|Any CPU
		{0A6022E9-CB6E-4314-8038-F36FEFD80DE2}.Debug|Any CPU.ActiveCfg = Debug|Any CPU
		{0A6022E9-CB6E-4314-8038-F36FEFD80DE2}.Debug|Any CPU.Build.0 = Debug|Any CPU
		{0A6022E9-CB6E-4314-8038-F36FEFD80DE2}.Release|Any CPU.ActiveCfg = Release|Any CPU
		{0A6022E9-CB6E-4314-8038-F36FEFD80DE2}.Release|Any CPU.Build.0 = Release|Any CPU
	EndGlobalSection
	GlobalSection(SolutionProperties) = preSolution
		HideSolutionNode = FALSE
	EndGlobalSection
	GlobalSection(ExtensibilityGlobals) = postSolution
		SolutionGuid = {EED3C78D-D9D8-401A-B476-BE8A944A8FB5}
	EndGlobalSection
EndGlobal
